# This file is autogenerated, do not edit; changes may be undone by the next 'dep ensure'.


[[projects]]
  branch = "master"
  digest = "1:95a5d3b703c5a42a670bae2643f87f9d1009051cf8657b628945fb4022ab4de0"
  name = "github.com/alibabacloud-go/debug"
  packages = ["debug"]
  pruneopts = "UT"
  revision = "9472017b5c6804c66e5d873fabd2a2a937b31e0b"

[[projects]]
  branch = "master"
  digest = "1:709583fb98b7751965b27431f4b4cf31bab260d48819c15abde37e1e04152165"
  name = "github.com/alibabacloud-go/tea"
  packages = ["tea"]
  pruneopts = "UT"
  revision = "5b8aa8ff06efd0effe7dfd892857e5c2311424de"

[[projects]]
  branch = "master"
  digest = "1:3969f62bcde43c47aac77f842aedaa488482814e771920151278a855313968e1"
  name = "github.com/aliyun/credentials-go"
  packages = [
    "credentials",
    "credentials/request",
    "credentials/response",
    "credentials/utils",
  ]
  pruneopts = "UT"
  revision = "c03d72db93951189d986e275c4b9d3974674bbb1"

[[projects]]
  digest = "1:ffe9824d294da03b391f44e1ae8281281b4afc1bdaa9588c9097785e3af10cec"
  name = "github.com/davecgh/go-spew"
  packages = ["spew"]
  pruneopts = "UT"
  revision = "8991bc29aa16c548c550c7ff78260e27b9ab7c73"
  version = "v1.1.1"

[[projects]]
  digest = "1:0028cb19b2e4c3112225cd871870f2d9cf49b9b4276531f03438a88e94be86fe"
  name = "github.com/pmezard/go-difflib"
  packages = ["difflib"]
  pruneopts = "UT"
  revision = "792786c7400a136282c1664665ae0a8db921c6c2"
  version = "v1.0.0"

[[projects]]
  digest = "1:8548c309c65a85933a625be5e7d52b6ac927ca30c56869fae58123b8a77a75e1"
  name = "github.com/stretchr/testify"
  packages = ["assert"]
  pruneopts = "UT"
  revision = "221dbe5ed46703ee255b1da0dec05086f5035f62"
  version = "v1.4.0"

[[projects]]
  branch = "master"
  digest = "1:3587bbb18e3d5299dc0020733e2839138afb0a29456ffd4073a3962bb9966556"
  name = "golang.org/x/net"
  packages = [
    "internal/socks",
    "proxy",
  ]
  pruneopts = "UT"
  revision = "c8589233b77dde5edd2205ba8a4fb5c9c2472556"

[[projects]]
  digest = "1:6c56c50b13fd3cb33b692b264727c1c89198274f5dcabaa077e3b2472037e0f9"
  name = "gopkg.in/ini.v1"
  packages = ["."]
  pruneopts = "UT"
  revision = "d4cae42d398bc0095297fc3315669590d29166ea"
  version = "v1.46.0"

[[projects]]
  digest = "1:4d2e5a73dc1500038e504a8d78b986630e3626dc027bc030ba5c75da257cdb96"
  name = "gopkg.in/yaml.v2"
  packages = ["."]
  pruneopts = "UT"
  revision = "51d6538a90f86fe93ac480b35f37b2be17fef232"
  version = "v2.2.2"

[solve-meta]
  analyzer-name = "dep"
  analyzer-version = 1
  input-imports = [
    "github.com/alibabacloud-go/tea/tea",
    "github.com/aliyun/credentials-go/credentials",
    "github.com/stretchr/testify/assert",
  ]
  solver-name = "gps-cdcl"
  solver-version = 1
